# THIS IS AN AUTOGENERATED FILE. DO NOT EDIT THIS FILE DIRECTLY.
# yarn lockfile v1


"@rauschma/stringio@^1.4.0":
  version "1.4.0"
  resolved "https://registry.yarnpkg.com/@rauschma/stringio/-/stringio-1.4.0.tgz#0b667bea726652a10a48dfc1dadc89e0ec51e269"
  integrity sha512-3uor2f/MXZkmX5RJf8r+OC3WvZVzpSme0yyL0rQDPEnatE02qRcqwEwnsgpgriEck0S/n4vWtUd6tTtrJwk45Q==
  dependencies:
    "@types/node" "^10.0.3"

"@sindresorhus/is@^4.0.0":
  version "4.0.1"
  resolved "https://registry.yarnpkg.com/@sindresorhus/is/-/is-4.0.1.tgz#d26729db850fa327b7cacc5522252194404226f5"
  integrity sha512-Qm9hBEBu18wt1PO2flE7LPb30BHMQt1eQgbV76YntdNk73XZGpn3izvGTYxbGgzXKgbCjiia0uxTd3aTNQrY/g==

"@szmarczak/http-timer@^4.0.5":
  version "4.0.5"
  resolved "https://registry.yarnpkg.com/@szmarczak/http-timer/-/http-timer-4.0.5.tgz#bfbd50211e9dfa51ba07da58a14cdfd333205152"
  integrity sha512-PyRA9sm1Yayuj5OIoJ1hGt2YISX45w9WcFbh6ddT0Z/0yaFxOtGLInr4jUfU1EAFVs0Yfyfev4RNwBlUaHdlDQ==
  dependencies:
    defer-to-connect "^2.0.0"

"@terascope/fetch-github-release@^0.7.7":
  version "0.7.7"
  resolved "https://registry.yarnpkg.com/@terascope/fetch-github-release/-/fetch-github-release-0.7.7.tgz#03da853c80b420b312880140600839b64fccc35b"
  integrity sha512-v4BSVK36N1LZj015y3DpL6dh0AWaFcmBbFd4oTTbLNZkZurolJ9RMCBUB/FsR93T3EZnWehiSw9b3WcRtOF6lg==
  dependencies:
    commander "^7.0.0"
    core-js "^3.6.5"
    extract-zip "^2.0.1"
    gauge "^3.0.0"
    got "^11.4.0"
    multi-progress "^4.0.0"
    progress "^2.0.3"
    regenerator-runtime "^0.13.5"

"@types/cacheable-request@^6.0.1":
  version "6.0.1"
  resolved "https://registry.yarnpkg.com/@types/cacheable-request/-/cacheable-request-6.0.1.tgz#5d22f3dded1fd3a84c0bbeb5039a7419c2c91976"
  integrity sha512-ykFq2zmBGOCbpIXtoVbz4SKY5QriWPh3AjyU4G74RYbtt5yOc5OfaY75ftjg7mikMOla1CTGpX3lLbuJh8DTrQ==
  dependencies:
    "@types/http-cache-semantics" "*"
    "@types/keyv" "*"
    "@types/node" "*"
    "@types/responselike" "*"

"@types/http-cache-semantics@*":
  version "4.0.0"
  resolved "https://registry.yarnpkg.com/@types/http-cache-semantics/-/http-cache-semantics-4.0.0.tgz#9140779736aa2655635ee756e2467d787cfe8a2a"
  integrity sha512-c3Xy026kOF7QOTn00hbIllV1dLR9hG9NkSrLQgCVs8NF6sBU+VGWjD3wLPhmh1TYAc7ugCFsvHYMN4VcBN1U1A==

"@types/keyv@*":
  version "3.1.1"
  resolved "https://registry.yarnpkg.com/@types/keyv/-/keyv-3.1.1.tgz#e45a45324fca9dab716ab1230ee249c9fb52cfa7"
  integrity sha512-MPtoySlAZQ37VoLaPcTHCu1RWJ4llDkULYZIzOYxlhxBqYPB0RsRlmMU0R6tahtFe27mIdkHV+551ZWV4PLmVw==
  dependencies:
    "@types/node" "*"

"@types/node@*":
  version "15.6.0"
  resolved "https://registry.yarnpkg.com/@types/node/-/node-15.6.0.tgz#f0ddca5a61e52627c9dcb771a6039d44694597bc"
  integrity sha512-gCYSfQpy+LYhOFTKAeE8BkyGqaxmlFxe+n4DKM6DR0wzw/HISUE/hAmkC/KT8Sw5PCJblqg062b3z9gucv3k0A==

"@types/node@^10.0.3":
  version "10.17.60"
  resolved "https://registry.yarnpkg.com/@types/node/-/node-10.17.60.tgz#35f3d6213daed95da7f0f73e75bcc6980e90597b"
  integrity sha512-F0KIgDJfy2nA3zMLmWGKxcH2ZVEtCZXHHdOQs2gSaQ27+lNeEfGxzkIw90aXswATX7AZ33tahPbzy6KAfUreVw==

"@types/responselike@*", "@types/responselike@^1.0.0":
  version "1.0.0"
  resolved "https://registry.yarnpkg.com/@types/responselike/-/responselike-1.0.0.tgz#251f4fe7d154d2bad125abe1b429b23afd262e29"
  integrity sha512-85Y2BjiufFzaMIlvJDvTTB8Fxl2xfLo4HgmHzVBz08w4wDePCTjYw66PdrolO0kzli3yam/YCgRufyo1DdQVTA==
  dependencies:
    "@types/node" "*"

"@types/yauzl@^2.9.1":
  version "2.9.1"
  resolved "https://registry.yarnpkg.com/@types/yauzl/-/yauzl-2.9.1.tgz#d10f69f9f522eef3cf98e30afb684a1e1ec923af"
  integrity sha512-A1b8SU4D10uoPjwb0lnHmmu8wZhR9d+9o2PKBQT2jU5YPTKsxac6M2qGAdY7VcL+dHHhARVUDmeg0rOrcd9EjA==
  dependencies:
    "@types/node" "*"

ansi-regex@^3.0.0:
  version "3.0.0"
  resolved "https://registry.yarnpkg.com/ansi-regex/-/ansi-regex-3.0.0.tgz#ed0317c322064f79466c02966bddb605ab37d998"
  integrity sha1-7QMXwyIGT3lGbAKWa922Bas32Zg=

ansi-styles@^4.1.0:
  version "4.3.0"
  resolved "https://registry.yarnpkg.com/ansi-styles/-/ansi-styles-4.3.0.tgz#edd803628ae71c04c85ae7a0906edad34b648937"
  integrity sha512-zbB9rCJAT1rbjiVDb2hqKFHNYLxgtk8NURxZ3IZwD3F6NtxbXZQCnnSi1Lkx+IDohdPlFp222wVALIheZJQSEg==
  dependencies:
    color-convert "^2.0.1"

"aproba@^1.0.3 || ^2.0.0":
  version "2.0.0"
  resolved "https://registry.yarnpkg.com/aproba/-/aproba-2.0.0.tgz#52520b8ae5b569215b354efc0caa3fe1e45a8adc"
  integrity sha512-lYe4Gx7QT+MKGbDsA+Z+he/Wtef0BiwDOlK/XkBrdfsh9J/jPPXbX0tE9x9cl27Tmu5gg3QUbUrQYa/y+KOHPQ==

buffer-crc32@~0.2.3:
  version "0.2.13"
  resolved "https://registry.yarnpkg.com/buffer-crc32/-/buffer-crc32-0.2.13.tgz#0d333e3f00eac50aa1454abd30ef8c2a5d9a7242"
  integrity sha1-DTM+PwDqxQqhRUq9MO+MKl2ackI=

cacheable-lookup@^5.0.3:
  version "5.0.4"
  resolved "https://registry.yarnpkg.com/cacheable-lookup/-/cacheable-lookup-5.0.4.tgz#5a6b865b2c44357be3d5ebc2a467b032719a7005"
  integrity sha512-2/kNscPhpcxrOigMZzbiWF7dz8ilhb/nIHU3EyZiXWXpeq/au8qJ8VhdftMkty3n7Gj6HIGalQG8oiBNB3AJgA==

cacheable-request@^7.0.1:
  version "7.0.1"
  resolved "https://registry.yarnpkg.com/cacheable-request/-/cacheable-request-7.0.1.tgz#062031c2856232782ed694a257fa35da93942a58"
  integrity sha512-lt0mJ6YAnsrBErpTMWeu5kl/tg9xMAWjavYTN6VQXM1A/teBITuNcccXsCxF0tDQQJf9DfAaX5O4e0zp0KlfZw==
  dependencies:
    clone-response "^1.0.2"
    get-stream "^5.1.0"
    http-cache-semantics "^4.0.0"
    keyv "^4.0.0"
    lowercase-keys "^2.0.0"
    normalize-url "^4.1.0"
    responselike "^2.0.0"

chalk@^4.1.1:
  version "4.1.1"
  resolved "https://registry.yarnpkg.com/chalk/-/chalk-4.1.1.tgz#c80b3fab28bf6371e6863325eee67e618b77e6ad"
  integrity sha512-diHzdDKxcU+bAsUboHLPEDQiw0qEe0qd7SYUn3HgcFlWgbDcfLGswOHYeGrHKzG9z6UYf01d9VFMfZxPM1xZSg==
  dependencies:
    ansi-styles "^4.1.0"
    supports-color "^7.1.0"

clone-response@^1.0.2:
  version "1.0.2"
  resolved "https://registry.yarnpkg.com/clone-response/-/clone-response-1.0.2.tgz#d1dc973920314df67fbeb94223b4ee350239e96b"
  integrity sha1-0dyXOSAxTfZ/vrlCI7TuNQI56Ws=
  dependencies:
    mimic-response "^1.0.0"

color-convert@^2.0.1:
  version "2.0.1"
  resolved "https://registry.yarnpkg.com/color-convert/-/color-convert-2.0.1.tgz#72d3a68d598c9bdb3af2ad1e84f21d896abd4de3"
  integrity sha512-RRECPsj7iu/xb5oKYcsFHSppFNnsj/52OVTRKb4zP5onXwVF3zVmmToNcOfGC+CRDpfK/U584fMg38ZHCaElKQ==
  dependencies:
    color-name "~1.1.4"

color-name@~1.1.4:
  version "1.1.4"
  resolved "https://registry.yarnpkg.com/color-name/-/color-name-1.1.4.tgz#c2a09a87acbde69543de6f63fa3995c826c536a2"
  integrity sha512-dOy+3AuW3a2wNbZHIuMZpTcgjGuLU/uBL/ubcZF9OXbDo8ff4O8yVp5Bf0efS8uEoYo5q4Fx7dY9OgQGXgAsQA==

color-support@^1.1.2:
  version "1.1.3"
  resolved "https://registry.yarnpkg.com/color-support/-/color-support-1.1.3.tgz#93834379a1cc9a0c61f82f52f0d04322251bd5a2"
  integrity sha512-qiBjkpbMLO/HL68y+lh4q0/O1MZFj2RX6X/KmMa3+gJD3z+WwI1ZzDHysvqHGS3mP6mznPckpXmw1nI9cJjyRg==

commander@^7.0.0:
  version "7.2.0"
  resolved "https://registry.yarnpkg.com/commander/-/commander-7.2.0.tgz#a36cb57d0b501ce108e4d20559a150a391d97ab7"
  integrity sha512-QrWXB+ZQSVPmIWIhtEO9H+gwHaMGYiF5ChvoJ+K9ZGHG/sVsa6yiesAD1GC/x46sET00Xlwo1u49RVVVzvcSkw==

console-control-strings@^1.0.0:
  version "1.1.0"
  resolved "https://registry.yarnpkg.com/console-control-strings/-/console-control-strings-1.1.0.tgz#3d7cf4464db6446ea644bf4b39507f9851008e8e"
  integrity sha1-PXz0Rk22RG6mRL9LOVB/mFEAjo4=

core-js@^3.6.5:
  version "3.12.1"
  resolved "https://registry.yarnpkg.com/core-js/-/core-js-3.12.1.tgz#6b5af4ff55616c08a44d386f1f510917ff204112"
  integrity sha512-Ne9DKPHTObRuB09Dru5AjwKjY4cJHVGu+y5f7coGn1E9Grkc3p2iBwE9AI/nJzsE29mQF7oq+mhYYRqOMFN1Bw==

debug@^4.1.1:
  version "4.3.1"
  resolved "https://registry.yarnpkg.com/debug/-/debug-4.3.1.tgz#f0d229c505e0c6d8c49ac553d1b13dc183f6b2ee"
  integrity sha512-doEwdvm4PCeK4K3RQN2ZC2BYUBaxwLARCqZmMjtF8a51J2Rb0xpVloFRnCODwqjpwnAoao4pelN8l3RJdv3gRQ==
  dependencies:
    ms "2.1.2"

decompress-response@^6.0.0:
  version "6.0.0"
  resolved "https://registry.yarnpkg.com/decompress-response/-/decompress-response-6.0.0.tgz#ca387612ddb7e104bd16d85aab00d5ecf09c66fc"
  integrity sha512-aW35yZM6Bb/4oJlZncMH2LCoZtJXTRxES17vE3hoRiowU2kWHaJKFkSBDnDR+cm9J+9QhXmREyIfv0pji9ejCQ==
  dependencies:
    mimic-response "^3.1.0"

defer-to-connect@^2.0.0:
  version "2.0.1"
  resolved "https://registry.yarnpkg.com/defer-to-connect/-/defer-to-connect-2.0.1.tgz#8016bdb4143e4632b77a3449c6236277de520587"
  integrity sha512-4tvttepXG1VaYGrRibk5EwJd1t4udunSOVMdLSAL6mId1ix438oPwPZMALY41FCijukO1L0twNcGsdzS7dHgDg==

end-of-stream@^1.1.0:
  version "1.4.4"
  resolved "https://registry.yarnpkg.com/end-of-stream/-/end-of-stream-1.4.4.tgz#5ae64a5f45057baf3626ec14da0ca5e4b2431eb0"
  integrity sha512-+uw1inIHVPQoaVuHzRyXd21icM+cnt4CzD5rW+NC1wjOUSTOs+Te7FOv7AhN7vS9x/oIyhLP5PR1H+phQAHu5Q==
  dependencies:
    once "^1.4.0"

extract-zip@^2.0.1:
  version "2.0.1"
  resolved "https://registry.yarnpkg.com/extract-zip/-/extract-zip-2.0.1.tgz#663dca56fe46df890d5f131ef4a06d22bb8ba13a"
  integrity sha512-GDhU9ntwuKyGXdZBUgTIe+vXnWj0fppUEtMDL0+idd5Sta8TGpHssn/eusA9mrPr9qNDym6SxAYZjNvCn/9RBg==
  dependencies:
    debug "^4.1.1"
    get-stream "^5.1.0"
    yauzl "^2.10.0"
  optionalDependencies:
    "@types/yauzl" "^2.9.1"

fd-slicer@~1.1.0:
  version "1.1.0"
  resolved "https://registry.yarnpkg.com/fd-slicer/-/fd-slicer-1.1.0.tgz#25c7c89cb1f9077f8891bbe61d8f390eae256f1e"
  integrity sha1-JcfInLH5B3+IkbvmHY85Dq4lbx4=
  dependencies:
    pend "~1.2.0"

gauge@^3.0.0:
  version "3.0.0"
  resolved "https://registry.yarnpkg.com/gauge/-/gauge-3.0.0.tgz#2313d52e067a797356c8214907828ff1a097cde4"
  integrity sha512-VSxauaaCsLOTerAyzunAYGgK3iaWZvOL1BCvBvf/IhDWrczPAf1tUqn05DOCJOOe4k3vOdX6fHhJIvF2UtCMhw==
  dependencies:
    aproba "^1.0.3 || ^2.0.0"
    color-support "^1.1.2"
    console-control-strings "^1.0.0"
    has-unicode "^2.0.1"
    signal-exit "^3.0.0"
    string-width "^1.0.1 || ^2.0.0"
    strip-ansi "^3.0.1 || ^4.0.0"
    wide-align "^1.1.2"

get-stream@^5.1.0:
  version "5.2.0"
  resolved "https://registry.yarnpkg.com/get-stream/-/get-stream-5.2.0.tgz#4966a1795ee5ace65e706c4b7beb71257d6e22d3"
  integrity sha512-nBF+F1rAZVCu/p7rjzgA+Yb4lfYXrpl7a6VmJrU8wF9I1CKvP/QwPNZHnOlwbTkY6dvtFIzFMSyQXbLoTQPRpA==
  dependencies:
    pump "^3.0.0"

got@^11.4.0:
  version "11.8.2"
  resolved "https://registry.yarnpkg.com/got/-/got-11.8.2.tgz#7abb3959ea28c31f3576f1576c1effce23f33599"
  integrity sha512-D0QywKgIe30ODs+fm8wMZiAcZjypcCodPNuMz5H9Mny7RJ+IjJ10BdmGW7OM7fHXP+O7r6ZwapQ/YQmMSvB0UQ==
  dependencies:
    "@sindresorhus/is" "^4.0.0"
    "@szmarczak/http-timer" "^4.0.5"
    "@types/cacheable-request" "^6.0.1"
    "@types/responselike" "^1.0.0"
    cacheable-lookup "^5.0.3"
    cacheable-request "^7.0.1"
    decompress-response "^6.0.0"
    http2-wrapper "^1.0.0-beta.5.2"
    lowercase-keys "^2.0.0"
    p-cancelable "^2.0.0"
    responselike "^2.0.0"

has-flag@^4.0.0:
  version "4.0.0"
  resolved "https://registry.yarnpkg.com/has-flag/-/has-flag-4.0.0.tgz#944771fd9c81c81265c4d6941860da06bb59479b"
  integrity sha512-EykJT/Q1KjTWctppgIAgfSO0tKVuZUjhgMr17kqTumMl6Afv3EISleU7qZUzoXDFTAHTDC4NOoG/ZxU3EvlMPQ==

has-unicode@^2.0.1:
  version "2.0.1"
  resolved "https://registry.yarnpkg.com/has-unicode/-/has-unicode-2.0.1.tgz#e0e6fe6a28cf51138855e086d1691e771de2a8b9"
  integrity sha1-4Ob+aijPUROIVeCG0Wkedx3iqLk=

http-cache-semantics@^4.0.0:
  version "4.1.0"
  resolved "https://registry.yarnpkg.com/http-cache-semantics/-/http-cache-semantics-4.1.0.tgz#49e91c5cbf36c9b94bcfcd71c23d5249ec74e390"
  integrity sha512-carPklcUh7ROWRK7Cv27RPtdhYhUsela/ue5/jKzjegVvXDqM2ILE9Q2BGn9JZJh1g87cp56su/FgQSzcWS8cQ==

http2-wrapper@^1.0.0-beta.5.2:
  version "1.0.3"
  resolved "https://registry.yarnpkg.com/http2-wrapper/-/http2-wrapper-1.0.3.tgz#b8f55e0c1f25d4ebd08b3b0c2c079f9590800b3d"
  integrity sha512-V+23sDMr12Wnz7iTcDeJr3O6AIxlnvT/bmaAAAP/Xda35C90p9599p0F1eHR/N1KILWSoWVAiOMFjBBXaXSMxg==
  dependencies:
    quick-lru "^5.1.1"
    resolve-alpn "^1.0.0"

is-fullwidth-code-point@^2.0.0:
  version "2.0.0"
  resolved "https://registry.yarnpkg.com/is-fullwidth-code-point/-/is-fullwidth-code-point-2.0.0.tgz#a3b30a5c4f199183167aaab93beefae3ddfb654f"
  integrity sha1-o7MKXE8ZkYMWeqq5O+764937ZU8=

json-buffer@3.0.1:
  version "3.0.1"
  resolved "https://registry.yarnpkg.com/json-buffer/-/json-buffer-3.0.1.tgz#9338802a30d3b6605fbe0613e094008ca8c05a13"
  integrity sha512-4bV5BfR2mqfQTJm+V5tPPdf+ZpuhiIvTuAB5g8kcrXOZpTT/QwwVRWBywX1ozr6lEuPdbHxwaJlm9G6mI2sfSQ==

keyv@^4.0.0:
  version "4.0.3"
  resolved "https://registry.yarnpkg.com/keyv/-/keyv-4.0.3.tgz#4f3aa98de254803cafcd2896734108daa35e4254"
  integrity sha512-zdGa2TOpSZPq5mU6iowDARnMBZgtCqJ11dJROFi6tg6kTn4nuUdU09lFyLFSaHrWqpIJ+EBq4E8/Dc0Vx5vLdA==
  dependencies:
    json-buffer "3.0.1"

lowercase-keys@^2.0.0:
  version "2.0.0"
  resolved "https://registry.yarnpkg.com/lowercase-keys/-/lowercase-keys-2.0.0.tgz#2603e78b7b4b0006cbca2fbcc8a3202558ac9479"
  integrity sha512-tqNXrS78oMOE73NMxK4EMLQsQowWf8jKooH9g7xPavRT706R6bkQJ6DY2Te7QukaZsulxa30wQ7bk0pm4XiHmA==

mimic-response@^1.0.0:
  version "1.0.1"
  resolved "https://registry.yarnpkg.com/mimic-response/-/mimic-response-1.0.1.tgz#4923538878eef42063cb8a3e3b0798781487ab1b"
  integrity sha512-j5EctnkH7amfV/q5Hgmoal1g2QHFJRraOtmx0JpIqkxhBhI/lJSl1nMpQ45hVarwNETOoWEimndZ4QK0RHxuxQ==

mimic-response@^3.1.0:
  version "3.1.0"
  resolved "https://registry.yarnpkg.com/mimic-response/-/mimic-response-3.1.0.tgz#2d1d59af9c1b129815accc2c46a022a5ce1fa3c9"
  integrity sha512-z0yWI+4FDrrweS8Zmt4Ej5HdJmky15+L2e6Wgn3+iK5fWzb6T3fhNFq2+MeTRb064c6Wr4N/wv0DzQTjNzHNGQ==

ms@2.1.2:
  version "2.1.2"
  resolved "https://registry.yarnpkg.com/ms/-/ms-2.1.2.tgz#d09d1f357b443f493382a8eb3ccd183872ae6009"
  integrity sha512-sGkPx+VjMtmA6MX27oA4FBFELFCZZ4S4XqeGOXCv68tT+jb3vk/RyaKWP0PTKyWtmLSM0b+adUTEvbs1PEaH2w==

multi-progress@^4.0.0:
  version "4.0.0"
  resolved "https://registry.yarnpkg.com/multi-progress/-/multi-progress-4.0.0.tgz#a14dd4e4da14f6a7cc2e1a5c0abd8b005dd23923"
  integrity sha512-9zcjyOou3FFCKPXsmkbC3ethv51SFPoA4dJD6TscIp2pUmy26kBDZW6h9XofPELrzseSkuD7r0V+emGEeo39Pg==

normalize-url@^4.1.0:
  version "4.5.0"
  resolved "https://registry.yarnpkg.com/normalize-url/-/normalize-url-4.5.0.tgz#453354087e6ca96957bd8f5baf753f5982142129"
  integrity sha512-2s47yzUxdexf1OhyRi4Em83iQk0aPvwTddtFz4hnSSw9dCEsLEGf6SwIO8ss/19S9iBb5sJaOuTvTGDeZI00BQ==

once@^1.3.1, once@^1.4.0:
  version "1.4.0"
  resolved "https://registry.yarnpkg.com/once/-/once-1.4.0.tgz#583b1aa775961d4b113ac17d9c50baef9dd76bd1"
  integrity sha1-WDsap3WWHUsROsF9nFC6753Xa9E=
  dependencies:
    wrappy "1"

p-cancelable@^2.0.0:
  version "2.1.1"
  resolved "https://registry.yarnpkg.com/p-cancelable/-/p-cancelable-2.1.1.tgz#aab7fbd416582fa32a3db49859c122487c5ed2cf"
  integrity sha512-BZOr3nRQHOntUjTrH8+Lh54smKHoHyur8We1V8DSMVrl5A2malOOwuJRnKRDjSnkoeBh4at6BwEnb5I7Jl31wg==

pend@~1.2.0:
  version "1.2.0"
  resolved "https://registry.yarnpkg.com/pend/-/pend-1.2.0.tgz#7a57eb550a6783f9115331fcf4663d5c8e007a50"
  integrity sha1-elfrVQpng/kRUzH89GY9XI4AelA=

progress@^2.0.3:
  version "2.0.3"
  resolved "https://registry.yarnpkg.com/progress/-/progress-2.0.3.tgz#7e8cf8d8f5b8f239c1bc68beb4eb78567d572ef8"
  integrity sha512-7PiHtLll5LdnKIMw100I+8xJXR5gW2QwWYkT6iJva0bXitZKa/XMrSbdmg3r2Xnaidz9Qumd0VPaMrZlF9V9sA==

pump@^3.0.0:
  version "3.0.0"
  resolved "https://registry.yarnpkg.com/pump/-/pump-3.0.0.tgz#b4a2116815bde2f4e1ea602354e8c75565107a64"
  integrity sha512-LwZy+p3SFs1Pytd/jYct4wpv49HiYCqd9Rlc5ZVdk0V+8Yzv6jR5Blk3TRmPL1ft69TxP0IMZGJ+WPFU2BFhww==
  dependencies:
    end-of-stream "^1.1.0"
    once "^1.3.1"

quick-lru@^5.1.1:
  version "5.1.1"
  resolved "https://registry.yarnpkg.com/quick-lru/-/quick-lru-5.1.1.tgz#366493e6b3e42a3a6885e2e99d18f80fb7a8c932"
  integrity sha512-WuyALRjWPDGtt/wzJiadO5AXY+8hZ80hVpe6MyivgraREW751X3SbhRvG3eLKOYN+8VEvqLcf3wdnt44Z4S4SA==

rage-edit@^1.2.0:
  version "1.2.0"
  resolved "https://registry.yarnpkg.com/rage-edit/-/rage-edit-1.2.0.tgz#991860a60fef934d8a6d0f057e55786b02f94a2b"
  integrity sha512-0RspBRc2s6We4g7hRCvT5mu7YPEnfjvQK8Tt354a2uUNJCMC7MKLvo/1mLvHUCQ/zbP6siQyp5VRZN7UCpMFZg==

regenerator-runtime@^0.13.5:
  version "0.13.7"
  resolved "https://registry.yarnpkg.com/regenerator-runtime/-/regenerator-runtime-0.13.7.tgz#cac2dacc8a1ea675feaabaeb8ae833898ae46f55"
  integrity sha512-a54FxoJDIr27pgf7IgeQGxmqUNYrcV338lf/6gH456HZ/PhX+5BcwHXG9ajESmwe6WRO0tAzRUrRmNONWgkrew==

resolve-alpn@^1.0.0:
  version "1.1.2"
  resolved "https://registry.yarnpkg.com/resolve-alpn/-/resolve-alpn-1.1.2.tgz#30b60cfbb0c0b8dc897940fe13fe255afcdd4d28"
  integrity sha512-8OyfzhAtA32LVUsJSke3auIyINcwdh5l3cvYKdKO0nvsYSKuiLfTM5i78PJswFPT8y6cPW+L1v6/hE95chcpDA==

responselike@^2.0.0:
  version "2.0.0"
  resolved "https://registry.yarnpkg.com/responselike/-/responselike-2.0.0.tgz#26391bcc3174f750f9a79eacc40a12a5c42d7723"
  integrity sha512-xH48u3FTB9VsZw7R+vvgaKeLKzT6jOogbQhEe/jewwnZgzPcnyWui2Av6JpoYZF/91uueC+lqhWqeURw5/qhCw==
  dependencies:
    lowercase-keys "^2.0.0"

signal-exit@^3.0.0:
  version "3.0.3"
  resolved "https://registry.yarnpkg.com/signal-exit/-/signal-exit-3.0.3.tgz#a1410c2edd8f077b08b4e253c8eacfcaf057461c"
  integrity sha512-VUJ49FC8U1OxwZLxIbTTrDvLnf/6TDgxZcK8wxR8zs13xpx7xbG60ndBlhNrFi2EMuFRoeDoJO7wthSLq42EjA==

simple-vdf2@^1.2.1:
  version "1.2.1"
  resolved "https://registry.yarnpkg.com/simple-vdf2/-/simple-vdf2-1.2.1.tgz#75b3c5e608b219703ac39a349bbd12b2fb6273c7"
  integrity sha512-u9z57UWkd7DeHO0VAB5uPxy27Ad5xJ8vnzYHqjwEG6GsuOj/KmDFl0bhZFhXeU5+j3FFHo0UKhNESj5wW36jRg==

"string-width@^1.0.1 || ^2.0.0", "string-width@^1.0.2 || 2":
  version "2.1.1"
  resolved "https://registry.yarnpkg.com/string-width/-/string-width-2.1.1.tgz#ab93f27a8dc13d28cac815c462143a6d9012ae9e"
  integrity sha512-nOqH59deCq9SRHlxq1Aw85Jnt4w6KvLKqWVik6oA9ZklXLNIOlqg4F2yrT1MVaTjAqvVwdfeZ7w7aCvJD7ugkw==
  dependencies:
    is-fullwidth-code-point "^2.0.0"
    strip-ansi "^4.0.0"

"strip-ansi@^3.0.1 || ^4.0.0", strip-ansi@^4.0.0:
  version "4.0.0"
  resolved "https://registry.yarnpkg.com/strip-ansi/-/strip-ansi-4.0.0.tgz#a8479022eb1ac368a871389b635262c505ee368f"
  integrity sha1-qEeQIusaw2iocTibY1JixQXuNo8=
  dependencies:
    ansi-regex "^3.0.0"

supports-color@^7.1.0:
  version "7.2.0"
  resolved "https://registry.yarnpkg.com/supports-color/-/supports-color-7.2.0.tgz#1b7dcdcb32b8138801b3e478ba6a51caa89648da"
  integrity sha512-qpCAvRl9stuOHveKsn7HncJRvv501qIacKzQlO/+Lwxc9+0q2wLyv4Dfvt80/DPn2pqOBsJdDiogXGR9+OvwRw==
  dependencies:
    has-flag "^4.0.0"

wide-align@^1.1.2:
  version "1.1.3"
  resolved "https://registry.yarnpkg.com/wide-align/-/wide-align-1.1.3.tgz#ae074e6bdc0c14a431e804e624549c633b000457"
  integrity sha512-QGkOQc8XL6Bt5PwnsExKBPuMKBxnGxWWW3fU55Xt4feHozMUhdUMaBCk290qpm/wG5u/RSKzwdAC4i51YigihA==
  dependencies:
    string-width "^1.0.2 || 2"

winreg@^1.2.4:
  version "1.2.4"
  resolved "https://registry.yarnpkg.com/winreg/-/winreg-1.2.4.tgz#ba065629b7a925130e15779108cf540990e98d1b"
  integrity sha1-ugZWKbepJRMOFXeRCM9UCZDpjRs=

wrappy@1:
  version "1.0.2"
  resolved "https://registry.yarnpkg.com/wrappy/-/wrappy-1.0.2.tgz#b5243d8f3ec1aa35f1364605bc0d1036e30ab69f"
  integrity sha1-tSQ9jz7BqjXxNkYFvA0QNuMKtp8=

yauzl@^2.10.0:
  version "2.10.0"
  resolved "https://registry.yarnpkg.com/yauzl/-/yauzl-2.10.0.tgz#c7eb17c93e112cb1086fa6d8e51fb0667b79a5f9"
  integrity sha1-x+sXyT4RLLEIb6bY5R+wZnt5pfk=
  dependencies:
    buffer-crc32 "~0.2.3"
    fd-slicer "~1.1.0"
